
Microsoft Visual Studio Solution File, Format Version 12.00
# Visual Studio Version 17
VisualStudioVersion = 17.3.32825.248
MinimumVisualStudioVersion = 10.0.40219.1
Project("{FAE04EC0-301F-11D3-BF4B-00C04F79EFBC}") = "Week6StringsAndArrays", "Week6StringsAndArrays\Week6StringsAndArrays.csproj", "{E97536FE-E4E0-4138-B09D-873BC50EF254}"
EndProject
Project("{FAE04EC0-301F-11D3-BF4B-00C04F79EFBC}") = "Arrays", "Arrays\Arrays.csproj", "{DF89E351-CECC-428A-ACCD-372482E371ED}"
EndProject
Project("{FAE04EC0-301F-11D3-BF4B-00C04F79EFBC}") = "NumberArrays", "NumberArrays\NumberArrays.csproj", "{A14F3E3B-0FC8-4D13-896A-4296EFD32538}"
EndProject
Project("{FAE04EC0-301F-11D3-BF4B-00C04F79EFBC}") = "RandomDemand", "RandomDemand\RandomDemand.csproj", "{70447916-9549-4D7D-8CEA-E9E3CEF354F7}"
EndProject
Global
	GlobalSection(SolutionConfigurationPlatforms) = preSolution
		Debug|Any CPU = Debug|Any CPU
		Release|Any CPU = Release|Any CPU
	EndGlobalSection
	GlobalSection(ProjectConfigurationPlatforms) = postSolution
		{E97536FE-E4E0-4138-B09D-873BC50EF254}.Debug|Any CPU.ActiveCfg = Debug|Any CPU
		{E97536FE-E4E0-4138-B09D-873BC50EF254}.Debug|Any CPU.Build.0 = Debug|Any CPU
		{E97536FE-E4E0-4138-B09D-873BC50EF254}.Release|Any CPU.ActiveCfg = Release|Any CPU
		{E97536FE-E4E0-4138-B09D-873BC50EF254}.Release|Any CPU.Build.0 = Release|Any CPU
		{DF89E351-CECC-428A-ACCD-372482E371ED}.Debug|Any CPU.ActiveCfg = Debug|Any CPU
		{DF89E351-CECC-428A-ACCD-372482E371ED}.Debug|Any CPU.Build.0 = Debug|Any CPU
		{DF89E351-CECC-428A-ACCD-372482E371ED}.Release|Any CPU.ActiveCfg = Release|Any CPU
		{DF89E351-CECC-428A-ACCD-372482E371ED}.Release|Any CPU.Build.0 = Release|Any CPU
		{A14F3E3B-0FC8-4D13-896A-4296EFD32538}.Debug|Any CPU.ActiveCfg = Debug|Any CPU
		{A14F3E3B-0FC8-4D13-896A-4296EFD32538}.Debug|Any CPU.Build.0 = Debug|Any CPU
		{A14F3E3B-0FC8-4D13-896A-4296EFD32538}.Release|Any CPU.ActiveCfg = Release|Any CPU
		{A14F3E3B-0FC8-4D13-896A-4296EFD32538}.Release|Any CPU.Build.0 = Release|Any CPU
		{70447916-9549-4D7D-8CEA-E9E3CEF354F7}.Debug|Any CPU.ActiveCfg = Debug|Any CPU
		{70447916-9549-4D7D-8CEA-E9E3CEF354F7}.Debug|Any CPU.Build.0 = Debug|Any CPU
		{70447916-9549-4D7D-8CEA-E9E3CEF354F7}.Release|Any CPU.ActiveCfg = Release|Any CPU
		{70447916-9549-4D7D-8CEA-E9E3CEF354F7}.Release|Any CPU.Build.0 = Release|Any CPU
	EndGlobalSection
	GlobalSection(SolutionProperties) = preSolution
		HideSolutionNode = FALSE
	EndGlobalSection
	GlobalSection(ExtensibilityGlobals) = postSolution
		SolutionGuid = {5E842337-3586-4343-B63C-CF474BBF0F91}
	EndGlobalSection
EndGlobal
